
Microsoft Visual Studio Solution File, Format Version 12.00
# Visual Studio 15
VisualStudioVersion = 15.0.27428.2037
MinimumVisualStudioVersion = 10.0.40219.1
Project("{2150E333-8FDC-42A3-9474-1A3956D46DE8}") = "ui", "ui", "{7E9E11D4-5161-4D29-8AF2-0BBCD8AC93C8}"
EndProject
Project("{9A19103F-16F7-4668-BE54-9A1E7A4F7556}") = "Postman.SPA", "src\ui\Postman.SPA\Postman.SPA.csproj", "{55E49B57-A595-4CDB-A141-B78F4E05C6D5}"
EndProject
Project("{2150E333-8FDC-42A3-9474-1A3956D46DE8}") = "shared", "shared", "{ED904AB8-2836-4565-A57D-A40E1617EAE6}"
EndProject
Project("{2150E333-8FDC-42A3-9474-1A3956D46DE8}") = "services", "services", "{F1090DBC-5408-452C-9FCD-AC15EF67B6EC}"
EndProject
Global
	GlobalSection(SolutionConfigurationPlatforms) = preSolution
		Debug|Any CPU = Debug|Any CPU
		Release|Any CPU = Release|Any CPU
	EndGlobalSection
	GlobalSection(ProjectConfigurationPlatforms) = postSolution
		{55E49B57-A595-4CDB-A141-B78F4E05C6D5}.Debug|Any CPU.ActiveCfg = Debug|Any CPU
		{55E49B57-A595-4CDB-A141-B78F4E05C6D5}.Debug|Any CPU.Build.0 = Debug|Any CPU
		{55E49B57-A595-4CDB-A141-B78F4E05C6D5}.Release|Any CPU.ActiveCfg = Release|Any CPU
		{55E49B57-A595-4CDB-A141-B78F4E05C6D5}.Release|Any CPU.Build.0 = Release|Any CPU
	EndGlobalSection
	GlobalSection(SolutionProperties) = preSolution
		HideSolutionNode = FALSE
	EndGlobalSection
	GlobalSection(NestedProjects) = preSolution
		{55E49B57-A595-4CDB-A141-B78F4E05C6D5} = {7E9E11D4-5161-4D29-8AF2-0BBCD8AC93C8}
	EndGlobalSection
	GlobalSection(ExtensibilityGlobals) = postSolution
		SolutionGuid = {A7EE1B8F-E3DC-43DB-9AF1-1E80BC65E431}
	EndGlobalSection
EndGlobal
